
Microsoft Visual Studio Solution File, Format Version 12.00
# Visual Studio 2013
VisualStudioVersion = 12.0.31101.0
MinimumVisualStudioVersion = 10.0.40219.1
Project("{2150E333-8FDC-42A3-9474-1A3956D46DE8}") = "Solution Items", "Solution Items", "{C7653D00-520B-4B28-AE02-96D563951525}"
	ProjectSection(SolutionItems) = preProject
		..\.gitignore = ..\.gitignore
		..\LICENSE.txt = ..\LICENSE.txt
		..\README.md = ..\README.md
	EndProjectSection
EndProject
Project("{FAE04EC0-301F-11D3-BF4B-00C04F79EFBC}") = "WebsiteCrawler.Library", "WebsiteCrawler.Library\WebsiteCrawler.Library.csproj", "{8D00239D-3A32-4615-AEC8-EBC67E68F267}"
EndProject
Project("{FAE04EC0-301F-11D3-BF4B-00C04F79EFBC}") = "WebsiteCrawler.Console", "WebsiteCrawler.Console\WebsiteCrawler.Console.csproj", "{A14C1700-3000-45BD-9270-3206464B5FBB}"
EndProject
Project("{FAE04EC0-301F-11D3-BF4B-00C04F79EFBC}") = "WebsiteCrawler.Specifications", "WebsiteCrawler.Specifications\WebsiteCrawler.Specifications.csproj", "{8BE52CC9-C42F-4827-8AAE-10E1120D9EAA}"
EndProject
Project("{FAE04EC0-301F-11D3-BF4B-00C04F79EFBC}") = "WebsiteCrawler.UnitTests", "WebsiteCrawler.UnitTests\WebsiteCrawler.UnitTests.csproj", "{F2CB4533-1205-41BF-ACE5-74DA41BE9175}"
EndProject
Global
	GlobalSection(SolutionConfigurationPlatforms) = preSolution
		Debug|Any CPU = Debug|Any CPU
		Release|Any CPU = Release|Any CPU
	EndGlobalSection
	GlobalSection(ProjectConfigurationPlatforms) = postSolution
		{8D00239D-3A32-4615-AEC8-EBC67E68F267}.Debug|Any CPU.ActiveCfg = Debug|Any CPU
		{8D00239D-3A32-4615-AEC8-EBC67E68F267}.Debug|Any CPU.Build.0 = Debug|Any CPU
		{8D00239D-3A32-4615-AEC8-EBC67E68F267}.Release|Any CPU.ActiveCfg = Release|Any CPU
		{8D00239D-3A32-4615-AEC8-EBC67E68F267}.Release|Any CPU.Build.0 = Release|Any CPU
		{A14C1700-3000-45BD-9270-3206464B5FBB}.Debug|Any CPU.ActiveCfg = Debug|Any CPU
		{A14C1700-3000-45BD-9270-3206464B5FBB}.Debug|Any CPU.Build.0 = Debug|Any CPU
		{A14C1700-3000-45BD-9270-3206464B5FBB}.Release|Any CPU.ActiveCfg = Release|Any CPU
		{A14C1700-3000-45BD-9270-3206464B5FBB}.Release|Any CPU.Build.0 = Release|Any CPU
		{8BE52CC9-C42F-4827-8AAE-10E1120D9EAA}.Debug|Any CPU.ActiveCfg = Debug|Any CPU
		{8BE52CC9-C42F-4827-8AAE-10E1120D9EAA}.Debug|Any CPU.Build.0 = Debug|Any CPU
		{8BE52CC9-C42F-4827-8AAE-10E1120D9EAA}.Release|Any CPU.ActiveCfg = Release|Any CPU
		{8BE52CC9-C42F-4827-8AAE-10E1120D9EAA}.Release|Any CPU.Build.0 = Release|Any CPU
		{F2CB4533-1205-41BF-ACE5-74DA41BE9175}.Debug|Any CPU.ActiveCfg = Debug|Any CPU
		{F2CB4533-1205-41BF-ACE5-74DA41BE9175}.Debug|Any CPU.Build.0 = Debug|Any CPU
		{F2CB4533-1205-41BF-ACE5-74DA41BE9175}.Release|Any CPU.ActiveCfg = Release|Any CPU
		{F2CB4533-1205-41BF-ACE5-74DA41BE9175}.Release|Any CPU.Build.0 = Release|Any CPU
	EndGlobalSection
	GlobalSection(SolutionProperties) = preSolution
		HideSolutionNode = FALSE
	EndGlobalSection
EndGlobal
